// !$*UTF8*$!
{
	archiveVersion = 1;
	classes = {
	};
	objectVersion = 52;
	objects = {

/* Begin PBXBuildFile section */
		FBB08B6E2445186200385E5A /* AppDelegate.swift in Sources */ = {isa = PBXBuildFile; fileRef = FBB08B6D2445186200385E5A /* AppDelegate.swift */; };
		FBB08B702445186200385E5A /* SceneDelegate.swift in Sources */ = {isa = PBXBuildFile; fileRef = FBB08B6F2445186200385E5A /* SceneDelegate.swift */; };
		FBB08B722445186200385E5A /* ContentView.swift in Sources */ = {isa = PBXBuildFile; fileRef = FBB08B712445186200385E5A /* ContentView.swift */; };
		FBB08B742445186500385E5A /* Assets.xcassets in Resources */ = {isa = PBXBuildFile; fileRef = FBB08B732445186500385E5A /* Assets.xcassets */; };
		FBB08B772445186500385E5A /* Preview Assets.xcassets in Resources */ = {isa = PBXBuildFile; fileRef = FBB08B762445186500385E5A /* Preview Assets.xcassets */; };
		FBB08B7A2445186500385E5A /* LaunchScreen.storyboard in Resources */ = {isa = PBXBuildFile; fileRef = FBB08B782445186500385E5A /* LaunchScreen.storyboard */; };
		FBF3C4E8244A2DD4000AC410 /* CardStack in Frameworks */ = {isa = PBXBuildFile; productRef = FBF3C4E7244A2DD4000AC410 /* CardStack */; };
/* End PBXBuildFile section */

/* Begin PBXFileReference section */
		FBB08B6A2445186200385E5A /* CardStackExample.app */ = {isa = PBXFileReference; explicitFileType = wrapper.application; includeInIndex = 0; path = CardStackExample.app; sourceTree = BUILT_PRODUCTS_DIR; };
		FBB08B6D2445186200385E5A /* AppDelegate.swift */ = {isa = PBXFileReference; lastKnownFileType = sourcecode.swift; path = AppDelegate.swift; sourceTree = "<group>"; };
		FBB08B6F2445186200385E5A /* SceneDelegate.swift */ = {isa = PBXFileReference; lastKnownFileType = sourcecode.swift; path = SceneDelegate.swift; sourceTree = "<group>"; };
		FBB08B712445186200385E5A /* ContentView.swift */ = {isa = PBXFileReference; lastKnownFileType = sourcecode.swift; path = ContentView.swift; sourceTree = "<group>"; };
		FBB08B732445186500385E5A /* Assets.xcassets */ = {isa = PBXFileReference; lastKnownFileType = folder.assetcatalog; path = Assets.xcassets; sourceTree = "<group>"; };
		FBB08B762445186500385E5A /* Preview Assets.xcassets */ = {isa = PBXFileReference; lastKnownFileType = folder.assetcatalog; path = "Preview Assets.xcassets"; sourceTree = "<group>"; };
		FBB08B792445186500385E5A /* Base */ = {isa = PBXFileReference; lastKnownFileType = file.storyboard; name = Base; path = Base.lproj/LaunchScreen.storyboard; sourceTree = "<group>"; };
		FBB08B7B2445186500385E5A /* Info.plist */ = {isa = PBXFileReference; lastKnownFileType = text.plist.xml; path = Info.plist; sourceTree = "<group>"; };
/* End PBXFileReference section */

/* Begin PBXFrameworksBuildPhase section */
		FBB08B672445186200385E5A /* Frameworks */ = {
			isa = PBXFrameworksBuildPhase;
			buildActionMask = 2147483647;
			files = (
				FBF3C4E8244A2DD4000AC410 /* CardStack in Frameworks */,
			);
			runOnlyForDeploymentPostprocessing = 0;
		};
/* End PBXFrameworksBuildPhase section */

/* Begin PBXGroup section */
		FBB08B612445186200385E5A = {
			isa = PBXGroup;
			children = (
				FBB08B6C2445186200385E5A /* iOSExample */,
				FBB08B6B2445186200385E5A /* Products */,
			);
			sourceTree = "<group>";
		};
		FBB08B6B2445186200385E5A /* Products */ = {
			isa = PBXGroup;
			children = (
				FBB08B6A2445186200385E5A /* CardStackExample.app */,
			);
			name = Products;
			sourceTree = "<group>";
		};
		FBB08B6C2445186200385E5A /* iOSExample */ = {
			isa = PBXGroup;
			children = (
				FBB08B6D2445186200385E5A /* AppDelegate.swift */,
				FBB08B6F2445186200385E5A /* SceneDelegate.swift */,
				FBB08B712445186200385E5A /* ContentView.swift */,
				FBB08B732445186500385E5A /* Assets.xcassets */,
				FBB08B782445186500385E5A /* LaunchScreen.storyboard */,
				FBB08B7B2445186500385E5A /* Info.plist */,
				FBB08B752445186500385E5A /* Preview Content */,
			);
			path = iOSExample;
			sourceTree = "<group>";
		};
		FBB08B752445186500385E5A /* Preview Content */ = {
			isa = PBXGroup;
			children = (
				FBB08B762445186500385E5A /* Preview Assets.xcassets */,
			);
			path = "Preview Content";
			sourceTree = "<group>";
		};
/* End PBXGroup section */

/* Begin PBXNativeTarget section */
		FBB08B692445186200385E5A /* iOSExample */ = {
			isa = PBXNativeTarget;
			buildConfigurationList = FBB08B7E2445186500385E5A /* Build configuration list for PBXNativeTarget "iOSExample" */;
			buildPhases = (
				FBB08B662445186200385E5A /* Sources */,
				FBB08B672445186200385E5A /* Frameworks */,
				FBB08B682445186200385E5A /* Resources */,
			);
			buildRules = (
			);
			dependencies = (
			);
			name = iOSExample;
			packageProductDependencies = (
				FBF3C4E7244A2DD4000AC410 /* CardStack */,
			);
			productName = Example;
			productReference = FBB08B6A2445186200385E5A /* CardStackExample.app */;
			productType = "com.apple.product-type.application";
		};
/* End PBXNativeTarget section */

/* Begin PBXProject section */
		FBB08B622445186200385E5A /* Project object */ = {
			isa = PBXProject;
			attributes = {
				LastSwiftUpdateCheck = 1140;
				LastUpgradeCheck = 1140;
				ORGANIZATIONNAME = "Dadalar It Software";
				TargetAttributes = {
					FBB08B692445186200385E5A = {
						CreatedOnToolsVersion = 11.4;
					};
				};
			};
			buildConfigurationList = FBB08B652445186200385E5A /* Build configuration list for PBXProject "Example" */;
			compatibilityVersion = "Xcode 9.3";
			developmentRegion = en;
			hasScannedForEncodings = 0;
			knownRegions = (
				en,
				Base,
			);
			mainGroup = FBB08B612445186200385E5A;
			packageReferences = (
				FBF3C4E6244A2DD4000AC410 /* XCRemoteSwiftPackageReference "SwiftUI-CardStackView" */,
			);
			productRefGroup = FBB08B6B2445186200385E5A /* Products */;
			projectDirPath = "";
			projectRoot = "";
			targets = (
				FBB08B692445186200385E5A /* iOSExample */,
			);
		};
/* End PBXProject section */

/* Begin PBXResourcesBuildPhase section */
		FBB08B682445186200385E5A /* Resources */ = {
			isa = PBXResourcesBuildPhase;
			buildActionMask = 2147483647;
			files = (
				FBB08B7A2445186500385E5A /* LaunchScreen.storyboard in Resources */,
				FBB08B772445186500385E5A /* Preview Assets.xcassets in Resources */,
				FBB08B742445186500385E5A /* Assets.xcassets in Resources */,
			);
			runOnlyForDeploymentPostprocessing = 0;
		};
/* End PBXResourcesBuildPhase section */

/* Begin PBXSourcesBuildPhase section */
		FBB08B662445186200385E5A /* Sources */ = {
			isa = PBXSourcesBuildPhase;
			buildActionMask = 2147483647;
			files = (
				FBB08B6E2445186200385E5A /* AppDelegate.swift in Sources */,
				FBB08B702445186200385E5A /* SceneDelegate.swift in Sources */,
				FBB08B722445186200385E5A /* ContentView.swift in Sources */,
			);
			runOnlyForDeploymentPostprocessing = 0;
		};
/* End PBXSourcesBuildPhase section */

/* Begin PBXVariantGroup section */
		FBB08B782445186500385E5A /* LaunchScreen.storyboard */ = {
			isa = PBXVariantGroup;
			children = (
				FBB08B792445186500385E5A /* Base */,
			);
			name = LaunchScreen.storyboard;
			sourceTree = "<group>";
		};
/* End PBXVariantGroup section */

/* Begin XCBuildConfiguration section */
		FBB08B7C2445186500385E5A /* Debug */ = {
			isa = XCBuildConfiguration;
			buildSettings = {
				ALWAYS_SEARCH_USER_PATHS = NO;
				CLANG_ANALYZER_NONNULL = YES;
				CLANG_ANALYZER_NUMBER_OBJECT_CONVERSION = YES_AGGRESSIVE;
				CLANG_CXX_LANGUAGE_STANDARD = "gnu++14";
				CLANG_CXX_LIBRARY = "libc++";
				CLANG_ENABLE_MODULES = YES;
				CLANG_ENABLE_OBJC_ARC = YES;
				CLANG_ENABLE_OBJC_WEAK = YES;
				CLANG_WARN_BLOCK_CAPTURE_AUTORELEASING = YES;
				CLANG_WARN_BOOL_CONVERSION = YES;
				CLANG_WARN_COMMA = YES;
				CLANG_WARN_CONSTANT_CONVERSION = YES;
				CLANG_WARN_DEPRECATED_OBJC_IMPLEMENTATIONS = YES;
				CLANG_WARN_DIRECT_OBJC_ISA_USAGE = YES_ERROR;
				CLANG_WARN_DOCUMENTATION_COMMENTS = YES;
				CLANG_WARN_EMPTY_BODY = YES;
				CLANG_WARN_ENUM_CONVERSION = YES;
				CLANG_WARN_INFINITE_RECURSION = YES;
				CLANG_WARN_INT_CONVERSION = YES;
				CLANG_WARN_NON_LITERAL_NULL_CONVERSION = YES;
				CLANG_WARN_OBJC_IMPLICIT_RETAIN_SELF = YES;
				CLANG_WARN_OBJC_LITERAL_CONVERSION = YES;
				CLANG_WARN_OBJC_ROOT_CLASS = YES_ERROR;
				CLANG_WARN_RANGE_LOOP_ANALYSIS = YES;
				CLANG_WARN_STRICT_PROTOTYPES = YES;
				CLANG_WARN_SUSPICIOUS_MOVE = YES;
				CLANG_WARN_UNGUARDED_AVAILABILITY = YES_AGGRESSIVE;
				CLANG_WARN_UNREACHABLE_CODE = YES;
				CLANG_WARN__DUPLICATE_METHOD_MATCH = YES;
				COPY_PHASE_STRIP = NO;
				DEBUG_INFORMATION_FORMAT = dwarf;
				ENABLE_STRICT_OBJC_MSGSEND = YES;
				ENABLE_TESTABILITY = YES;
				GCC_C_LANGUAGE_STANDARD = gnu11;
				GCC_DYNAMIC_NO_PIC = NO;
				GCC_NO_COMMON_BLOCKS = YES;
				GCC_OPTIMIZATION_LEVEL = 0;
				GCC_PREPROCESSOR_DEFINITIONS = (
					"DEBUG=1",
					"$(inherited)",
				);
				GCC_WARN_64_TO_32_BIT_CONVERSION = YES;
				GCC_WARN_ABOUT_RETURN_TYPE = YES_ERROR;
				GCC_WARN_UNDECLARED_SELECTOR = YES;
				GCC_WARN_UNINITIALIZED_AUTOS = YES_AGGRESSIVE;
				GCC_WARN_UNUSED_FUNCTION = YES;
				GCC_WARN_UNUSED_VARIABLE = YES;
				IPHONEOS_DEPLOYMENT_TARGET = 13.4;
				MTL_ENABLE_DEBUG_INFO = INCLUDE_SOURCE;
				MTL_FAST_MATH = YES;
				ONLY_ACTIVE_ARCH = YES;
				SDKROOT = iphoneos;
				SWIFT_ACTIVE_COMPILATION_CONDITIONS = DEBUG;
				SWIFT_OPTIMIZATION_LEVEL = "-Onone";
			};
			name = Debug;
		};
		FBB08B7D2445186500385E5A /* Release */ = {
			isa = XCBuildConfiguration;
			buildSettings = {
				ALWAYS_SEARCH_USER_PATHS = NO;
				CLANG_ANALYZER_NONNULL = YES;
				CLANG_ANALYZER_NUMBER_OBJECT_CONVERSION = YES_AGGRESSIVE;
				CLANG_CXX_LANGUAGE_STANDARD = "gnu++14";
				CLANG_CXX_LIBRARY = "libc++";
				CLANG_ENABLE_MODULES = YES;
				CLANG_ENABLE_OBJC_ARC = YES;
				CLANG_ENABLE_OBJC_WEAK = YES;
				CLANG_WARN_BLOCK_CAPTURE_AUTORELEASING = YES;
				CLANG_WARN_BOOL_CONVERSION = YES;
				CLANG_WARN_COMMA = YES;
				CLANG_WARN_CONSTANT_CONVERSION = YES;
				CLANG_WARN_DEPRECATED_OBJC_IMPLEMENTATIONS = YES;
				CLANG_WARN_DIRECT_OBJC_ISA_USAGE = YES_ERROR;
				CLANG_WARN_DOCUMENTATION_COMMENTS = YES;
				CLANG_WARN_EMPTY_BODY = YES;
				CLANG_WARN_ENUM_CONVERSION = YES;
				CLANG_WARN_INFINITE_RECURSION = YES;
				CLANG_WARN_INT_CONVERSION = YES;
				CLANG_WARN_NON_LITERAL_NULL_CONVERSION = YES;
				CLANG_WARN_OBJC_IMPLICIT_RETAIN_SELF = YES;
				CLANG_WARN_OBJC_LITERAL_CONVERSION = YES;
				CLANG_WARN_OBJC_ROOT_CLASS = YES_ERROR;
				CLANG_WARN_RANGE_LOOP_ANALYSIS = YES;
				CLANG_WARN_STRICT_PROTOTYPES = YES;
				CLANG_WARN_SUSPICIOUS_MOVE = YES;
				CLANG_WARN_UNGUARDED_AVAILABILITY = YES_AGGRESSIVE;
				CLANG_WARN_UNREACHABLE_CODE = YES;
				CLANG_WARN__DUPLICATE_METHOD_MATCH = YES;
				COPY_PHASE_STRIP = NO;
				DEBUG_INFORMATION_FORMAT = "dwarf-with-dsym";
				ENABLE_NS_ASSERTIONS = NO;
				ENABLE_STRICT_OBJC_MSGSEND = YES;
				GCC_C_LANGUAGE_STANDARD = gnu11;
				GCC_NO_COMMON_BLOCKS = YES;
				GCC_WARN_64_TO_32_BIT_CONVERSION = YES;
				GCC_WARN_ABOUT_RETURN_TYPE = YES_ERROR;
				GCC_WARN_UNDECLARED_SELECTOR = YES;
				GCC_WARN_UNINITIALIZED_AUTOS = YES_AGGRESSIVE;
				GCC_WARN_UNUSED_FUNCTION = YES;
				GCC_WARN_UNUSED_VARIABLE = YES;
				IPHONEOS_DEPLOYMENT_TARGET = 13.4;
				MTL_ENABLE_DEBUG_INFO = NO;
				MTL_FAST_MATH = YES;
				SDKROOT = iphoneos;
				SWIFT_COMPILATION_MODE = wholemodule;
				SWIFT_OPTIMIZATION_LEVEL = "-O";
				VALIDATE_PRODUCT = YES;
			};
			name = Release;
		};
		FBB08B7F2445186500385E5A /* Debug */ = {
			isa = XCBuildConfiguration;
			buildSettings = {
				ASSETCATALOG_COMPILER_APPICON_NAME = AppIcon;
				CODE_SIGN_STYLE = Automatic;
				DEVELOPMENT_ASSET_PATHS = "\"iOSExample/Preview Content\"";
				DEVELOPMENT_TEAM = 4232L5VHS7;
				ENABLE_PREVIEWS = YES;
				INFOPLIST_FILE = iOSExample/Info.plist;
				LD_RUNPATH_SEARCH_PATHS = (
					"$(inherited)",
					"@executable_path/Frameworks",
				);
				PRODUCT_BUNDLE_IDENTIFIER = net.dadalar.CardStackExample;
				PRODUCT_NAME = CardStackExample;
				SWIFT_VERSION = 5.0;
				TARGETED_DEVICE_FAMILY = "1,2";
			};
			name = Debug;
		};
		FBB08B802445186500385E5A /* Release */ = {
			isa = XCBuildConfiguration;
			buildSettings = {
				ASSETCATALOG_COMPILER_APPICON_NAME = AppIcon;
				CODE_SIGN_STYLE = Automatic;
				DEVELOPMENT_ASSET_PATHS = "\"iOSExample/Preview Content\"";
				DEVELOPMENT_TEAM = 4232L5VHS7;
				ENABLE_PREVIEWS = YES;
				INFOPLIST_FILE = iOSExample/Info.plist;
				LD_RUNPATH_SEARCH_PATHS = (
					"$(inherited)",
					"@executable_path/Frameworks",
				);
				PRODUCT_BUNDLE_IDENTIFIER = net.dadalar.CardStackExample;
				PRODUCT_NAME = CardStackExample;
				SWIFT_VERSION = 5.0;
				TARGETED_DEVICE_FAMILY = "1,2";
			};
			name = Release;
		};
/* End XCBuildConfiguration section */

/* Begin XCConfigurationList section */
		FBB08B652445186200385E5A /* Build configuration list for PBXProject "Example" */ = {
			isa = XCConfigurationList;
			buildConfigurations = (
				FBB08B7C2445186500385E5A /* Debug */,
				FBB08B7D2445186500385E5A /* Release */,
			);
			defaultConfigurationIsVisible = 0;
			defaultConfigurationName = Release;
		};
		FBB08B7E2445186500385E5A /* Build configuration list for PBXNativeTarget "iOSExample" */ = {
			isa = XCConfigurationList;
			buildConfigurations = (
				FBB08B7F2445186500385E5A /* Debug */,
				FBB08B802445186500385E5A /* Release */,
			);
			defaultConfigurationIsVisible = 0;
			defaultConfigurationName = Release;
		};
/* End XCConfigurationList section */

/* Begin XCRemoteSwiftPackageReference section */
		FBF3C4E6244A2DD4000AC410 /* XCRemoteSwiftPackageReference "SwiftUI-CardStackView" */ = {
			isa = XCRemoteSwiftPackageReference;
			repositoryURL = "https://github.com/dadalar/SwiftUI-CardStackView.git";
			requirement = {
				kind = exactVersion;
				version = 0.0.3;
			};
		};
/* End XCRemoteSwiftPackageReference section */

/* Begin XCSwiftPackageProductDependency section */
		FBF3C4E7244A2DD4000AC410 /* CardStack */ = {
			isa = XCSwiftPackageProductDependency;
			package = FBF3C4E6244A2DD4000AC410 /* XCRemoteSwiftPackageReference "SwiftUI-CardStackView" */;
			productName = CardStack;
		};
/* End XCSwiftPackageProductDependency section */
	};
	rootObject = FBB08B622445186200385E5A /* Project object */;
}
