{
  "object": {
    "pins": [
      {
        "package": "SnapshotTesting",
        "repositoryURL": "https://github.com/pointfreeco/swift-snapshot-testing.git",
        "state": {
          "branch": null,
          "revision": "114882386a815f4a2e6d8f2f7ee4857acd372438",
          "version": "1.7.2"
        }
      },
      {
        "package": "CardStack",
        "repositoryURL": "https://github.com/dadalar/SwiftUI-CardStackView.git",
        "state": {
          "branch": null,
          "revision": "d448fb24288bbb111b46d841a08b09887b6f4006",
          "version": "0.0.3"
        }
      }
    ]
  },
  "version": 1
}
