{
  "object": {
    "pins": [
      {
        "package": "SnapshotTesting",
        "repositoryURL": "https://github.com/pointfreeco/swift-snapshot-testing.git",
        "state": {
          "branch": null,
          "revision": "2fd91357e90efe82bfa6845d1e7d5bc2f5025d35",
          "version": "1.8.1"
        }
      },
      {
        "package": "CardStack",
        "repositoryURL": "https://github.com/dadalar/SwiftUI-CardStackView.git",
        "state": {
          "branch": null,
          "revision": "d448fb24288bbb111b46d841a08b09887b6f4006",
          "version": "0.0.3"
        }
      }
    ]
  },
  "version": 1
}
